
Microsoft Visual Studio Solution File, Format Version 12.00
# Visual Studio Version 17
VisualStudioVersion = 17.5.33530.505
MinimumVisualStudioVersion = 10.0.40219.1
Project("{888888A0-9F3D-457C-B088-3A5042F75D52}") = "notepadPyton", "notepadPyton\notepadPyton.pyproj", "{1A479521-5D5D-4783-B96C-17251BF4C7D9}"
EndProject
Global
	GlobalSection(SolutionConfigurationPlatforms) = preSolution
		Debug|Any CPU = Debug|Any CPU
		Release|Any CPU = Release|Any CPU
	EndGlobalSection
	GlobalSection(ProjectConfigurationPlatforms) = postSolution
		{1A479521-5D5D-4783-B96C-17251BF4C7D9}.Debug|Any CPU.ActiveCfg = Debug|Any CPU
		{1A479521-5D5D-4783-B96C-17251BF4C7D9}.Release|Any CPU.ActiveCfg = Release|Any CPU
	EndGlobalSection
	GlobalSection(SolutionProperties) = preSolution
		HideSolutionNode = FALSE
	EndGlobalSection
	GlobalSection(ExtensibilityGlobals) = postSolution
		SolutionGuid = {38707ED2-C795-4C45-96C6-FDAFB247F765}
	EndGlobalSection
EndGlobal
